
Microsoft Visual Studio Solution File, Format Version 12.00
# Visual Studio 14
VisualStudioVersion = 14.0.24720.0
MinimumVisualStudioVersion = 10.0.40219.1
Project("{FAE04EC0-301F-11D3-BF4B-00C04F79EFBC}") = "01.DeclareVariables", "01.DeclareVariables\01.DeclareVariables.csproj", "{06243AF5-8C31-40EC-A914-E756DA833F0B}"
EndProject
Project("{FAE04EC0-301F-11D3-BF4B-00C04F79EFBC}") = "02.FloatOrDouble", "02.FloatOrDouble\02.FloatOrDouble.csproj", "{4F5C08F2-A80D-4814-86CC-5BD368FECD81}"
EndProject
Project("{FAE04EC0-301F-11D3-BF4B-00C04F79EFBC}") = "03.VariableHexadecimalFormat", "03.VariableHexadecimalFormat\03.VariableHexadecimalFormat.csproj", "{AAE0B5CB-514B-45CF-A92C-6DE9A569C4C0}"
EndProject
Project("{FAE04EC0-301F-11D3-BF4B-00C04F79EFBC}") = "04.UnicodeCharacter", "04.UnicodeCharacter\04.UnicodeCharacter.csproj", "{14BB716B-1D01-4FC5-8FC7-0A3C5244A2CA}"
EndProject
Project("{FAE04EC0-301F-11D3-BF4B-00C04F79EFBC}") = "05.BooleanVariable", "05.BooleanVariable\05.BooleanVariable.csproj", "{74D83473-78C7-4D93-98EC-52F968927B82}"
EndProject
Project("{FAE04EC0-301F-11D3-BF4B-00C04F79EFBC}") = "06.StringsAndObjects", "06.StringsAndObjects\06.StringsAndObjects.csproj", "{DDD06EC4-7E64-427D-8FD6-D6B3E85464C0}"
EndProject
Project("{FAE04EC0-301F-11D3-BF4B-00C04F79EFBC}") = "07.QuotesInStrings", "07.QuotesInStrings\07.QuotesInStrings.csproj", "{CF94923C-8040-489B-9613-870DF62647F1}"
EndProject
Project("{FAE04EC0-301F-11D3-BF4B-00C04F79EFBC}") = "08.IsoscelesTriangle", "08.IsoscelesTriangle\08.IsoscelesTriangle.csproj", "{76BD5D5C-D5CF-45A5-8814-058534924FFA}"
EndProject
Project("{FAE04EC0-301F-11D3-BF4B-00C04F79EFBC}") = "09.ExchangeVariableValues", "09.ExchangeVariableValues\09.ExchangeVariableValues.csproj", "{41B7F62C-6CEE-4264-A79C-4A0474271D1D}"
EndProject
Project("{FAE04EC0-301F-11D3-BF4B-00C04F79EFBC}") = "10.EmployeeData", "10.EmployeeData\10.EmployeeData.csproj", "{70FE6909-C876-41F9-8D10-34220229F51C}"
EndProject
Project("{FAE04EC0-301F-11D3-BF4B-00C04F79EFBC}") = "11.BankAccountData", "11.BankAccountData\11.BankAccountData.csproj", "{9CC69CAD-96E1-4F9D-854E-CF0C51E4BBFF}"
EndProject
Project("{FAE04EC0-301F-11D3-BF4B-00C04F79EFBC}") = "12.NullValuesArithmetic", "12.NullValuesArithmetic\12.NullValuesArithmetic.csproj", "{7138D0B6-27BB-4009-B7B9-F4248FCFE543}"
EndProject
Project("{FAE04EC0-301F-11D3-BF4B-00C04F79EFBC}") = "13.ComparingFloats", "13.ComparingFloats\13.ComparingFloats.csproj", "{73226B08-134E-4584-A0D5-CA6422C0E22A}"
EndProject
Project("{FAE04EC0-301F-11D3-BF4B-00C04F79EFBC}") = "14.PrintTheASCIITable", "14.PrintTheASCIITable\14.PrintTheASCIITable.csproj", "{EAE0EFC7-4B3F-45DA-BFB8-2C030F2C1301}"
EndProject
Global
	GlobalSection(SolutionConfigurationPlatforms) = preSolution
		Debug|Any CPU = Debug|Any CPU
		Release|Any CPU = Release|Any CPU
	EndGlobalSection
	GlobalSection(ProjectConfigurationPlatforms) = postSolution
		{06243AF5-8C31-40EC-A914-E756DA833F0B}.Debug|Any CPU.ActiveCfg = Debug|Any CPU
		{06243AF5-8C31-40EC-A914-E756DA833F0B}.Debug|Any CPU.Build.0 = Debug|Any CPU
		{06243AF5-8C31-40EC-A914-E756DA833F0B}.Release|Any CPU.ActiveCfg = Release|Any CPU
		{06243AF5-8C31-40EC-A914-E756DA833F0B}.Release|Any CPU.Build.0 = Release|Any CPU
		{4F5C08F2-A80D-4814-86CC-5BD368FECD81}.Debug|Any CPU.ActiveCfg = Debug|Any CPU
		{4F5C08F2-A80D-4814-86CC-5BD368FECD81}.Debug|Any CPU.Build.0 = Debug|Any CPU
		{4F5C08F2-A80D-4814-86CC-5BD368FECD81}.Release|Any CPU.ActiveCfg = Release|Any CPU
		{4F5C08F2-A80D-4814-86CC-5BD368FECD81}.Release|Any CPU.Build.0 = Release|Any CPU
		{AAE0B5CB-514B-45CF-A92C-6DE9A569C4C0}.Debug|Any CPU.ActiveCfg = Debug|Any CPU
		{AAE0B5CB-514B-45CF-A92C-6DE9A569C4C0}.Debug|Any CPU.Build.0 = Debug|Any CPU
		{AAE0B5CB-514B-45CF-A92C-6DE9A569C4C0}.Release|Any CPU.ActiveCfg = Release|Any CPU
		{AAE0B5CB-514B-45CF-A92C-6DE9A569C4C0}.Release|Any CPU.Build.0 = Release|Any CPU
		{14BB716B-1D01-4FC5-8FC7-0A3C5244A2CA}.Debug|Any CPU.ActiveCfg = Debug|Any CPU
		{14BB716B-1D01-4FC5-8FC7-0A3C5244A2CA}.Debug|Any CPU.Build.0 = Debug|Any CPU
		{14BB716B-1D01-4FC5-8FC7-0A3C5244A2CA}.Release|Any CPU.ActiveCfg = Release|Any CPU
		{14BB716B-1D01-4FC5-8FC7-0A3C5244A2CA}.Release|Any CPU.Build.0 = Release|Any CPU
		{74D83473-78C7-4D93-98EC-52F968927B82}.Debug|Any CPU.ActiveCfg = Debug|Any CPU
		{74D83473-78C7-4D93-98EC-52F968927B82}.Debug|Any CPU.Build.0 = Debug|Any CPU
		{74D83473-78C7-4D93-98EC-52F968927B82}.Release|Any CPU.ActiveCfg = Release|Any CPU
		{74D83473-78C7-4D93-98EC-52F968927B82}.Release|Any CPU.Build.0 = Release|Any CPU
		{DDD06EC4-7E64-427D-8FD6-D6B3E85464C0}.Debug|Any CPU.ActiveCfg = Debug|Any CPU
		{DDD06EC4-7E64-427D-8FD6-D6B3E85464C0}.Debug|Any CPU.Build.0 = Debug|Any CPU
		{DDD06EC4-7E64-427D-8FD6-D6B3E85464C0}.Release|Any CPU.ActiveCfg = Release|Any CPU
		{DDD06EC4-7E64-427D-8FD6-D6B3E85464C0}.Release|Any CPU.Build.0 = Release|Any CPU
		{CF94923C-8040-489B-9613-870DF62647F1}.Debug|Any CPU.ActiveCfg = Debug|Any CPU
		{CF94923C-8040-489B-9613-870DF62647F1}.Debug|Any CPU.Build.0 = Debug|Any CPU
		{CF94923C-8040-489B-9613-870DF62647F1}.Release|Any CPU.ActiveCfg = Release|Any CPU
		{CF94923C-8040-489B-9613-870DF62647F1}.Release|Any CPU.Build.0 = Release|Any CPU
		{76BD5D5C-D5CF-45A5-8814-058534924FFA}.Debug|Any CPU.ActiveCfg = Debug|Any CPU
		{76BD5D5C-D5CF-45A5-8814-058534924FFA}.Debug|Any CPU.Build.0 = Debug|Any CPU
		{76BD5D5C-D5CF-45A5-8814-058534924FFA}.Release|Any CPU.ActiveCfg = Release|Any CPU
		{76BD5D5C-D5CF-45A5-8814-058534924FFA}.Release|Any CPU.Build.0 = Release|Any CPU
		{41B7F62C-6CEE-4264-A79C-4A0474271D1D}.Debug|Any CPU.ActiveCfg = Debug|Any CPU
		{41B7F62C-6CEE-4264-A79C-4A0474271D1D}.Debug|Any CPU.Build.0 = Debug|Any CPU
		{41B7F62C-6CEE-4264-A79C-4A0474271D1D}.Release|Any CPU.ActiveCfg = Release|Any CPU
		{41B7F62C-6CEE-4264-A79C-4A0474271D1D}.Release|Any CPU.Build.0 = Release|Any CPU
		{70FE6909-C876-41F9-8D10-34220229F51C}.Debug|Any CPU.ActiveCfg = Debug|Any CPU
		{70FE6909-C876-41F9-8D10-34220229F51C}.Debug|Any CPU.Build.0 = Debug|Any CPU
		{70FE6909-C876-41F9-8D10-34220229F51C}.Release|Any CPU.ActiveCfg = Release|Any CPU
		{70FE6909-C876-41F9-8D10-34220229F51C}.Release|Any CPU.Build.0 = Release|Any CPU
		{9CC69CAD-96E1-4F9D-854E-CF0C51E4BBFF}.Debug|Any CPU.ActiveCfg = Debug|Any CPU
		{9CC69CAD-96E1-4F9D-854E-CF0C51E4BBFF}.Debug|Any CPU.Build.0 = Debug|Any CPU
		{9CC69CAD-96E1-4F9D-854E-CF0C51E4BBFF}.Release|Any CPU.ActiveCfg = Release|Any CPU
		{9CC69CAD-96E1-4F9D-854E-CF0C51E4BBFF}.Release|Any CPU.Build.0 = Release|Any CPU
		{7138D0B6-27BB-4009-B7B9-F4248FCFE543}.Debug|Any CPU.ActiveCfg = Debug|Any CPU
		{7138D0B6-27BB-4009-B7B9-F4248FCFE543}.Debug|Any CPU.Build.0 = Debug|Any CPU
		{7138D0B6-27BB-4009-B7B9-F4248FCFE543}.Release|Any CPU.ActiveCfg = Release|Any CPU
		{7138D0B6-27BB-4009-B7B9-F4248FCFE543}.Release|Any CPU.Build.0 = Release|Any CPU
		{73226B08-134E-4584-A0D5-CA6422C0E22A}.Debug|Any CPU.ActiveCfg = Debug|Any CPU
		{73226B08-134E-4584-A0D5-CA6422C0E22A}.Debug|Any CPU.Build.0 = Debug|Any CPU
		{73226B08-134E-4584-A0D5-CA6422C0E22A}.Release|Any CPU.ActiveCfg = Release|Any CPU
		{73226B08-134E-4584-A0D5-CA6422C0E22A}.Release|Any CPU.Build.0 = Release|Any CPU
		{EAE0EFC7-4B3F-45DA-BFB8-2C030F2C1301}.Debug|Any CPU.ActiveCfg = Debug|Any CPU
		{EAE0EFC7-4B3F-45DA-BFB8-2C030F2C1301}.Debug|Any CPU.Build.0 = Debug|Any CPU
		{EAE0EFC7-4B3F-45DA-BFB8-2C030F2C1301}.Release|Any CPU.ActiveCfg = Release|Any CPU
		{EAE0EFC7-4B3F-45DA-BFB8-2C030F2C1301}.Release|Any CPU.Build.0 = Release|Any CPU
	EndGlobalSection
	GlobalSection(SolutionProperties) = preSolution
		HideSolutionNode = FALSE
	EndGlobalSection
EndGlobal
