
Microsoft Visual Studio Solution File, Format Version 12.00
# Visual Studio 14
VisualStudioVersion = 14.0.25123.0
MinimumVisualStudioVersion = 10.0.40219.1
Project("{FAE04EC0-301F-11D3-BF4B-00C04F79EFBC}") = "TaskShapes", "TaskShapes\TaskShapes.csproj", "{29507178-EFB1-4BE8-8B65-CE223F0394CD}"
EndProject
Project("{FAE04EC0-301F-11D3-BF4B-00C04F79EFBC}") = "Initial", "Initial\Initial.csproj", "{B734BCBA-6B6D-4B76-849F-18DB6A864D90}"
EndProject
Project("{FAE04EC0-301F-11D3-BF4B-00C04F79EFBC}") = "TaskBankAccounts", "TaskBankAccounts\TaskBankAccounts.csproj", "{42E5CC91-066A-4E5E-AF68-0D31DFBA8FC4}"
EndProject
Project("{FAE04EC0-301F-11D3-BF4B-00C04F79EFBC}") = "TaskRangeExceptions", "TaskRangeExceptions\TaskRangeExceptions.csproj", "{A3E282EB-D49B-4D8E-B923-2FAD8FC835BD}"
EndProject
Global
	GlobalSection(SolutionConfigurationPlatforms) = preSolution
		Debug|Any CPU = Debug|Any CPU
		Release|Any CPU = Release|Any CPU
	EndGlobalSection
	GlobalSection(ProjectConfigurationPlatforms) = postSolution
		{29507178-EFB1-4BE8-8B65-CE223F0394CD}.Debug|Any CPU.ActiveCfg = Debug|Any CPU
		{29507178-EFB1-4BE8-8B65-CE223F0394CD}.Debug|Any CPU.Build.0 = Debug|Any CPU
		{29507178-EFB1-4BE8-8B65-CE223F0394CD}.Release|Any CPU.ActiveCfg = Release|Any CPU
		{29507178-EFB1-4BE8-8B65-CE223F0394CD}.Release|Any CPU.Build.0 = Release|Any CPU
		{B734BCBA-6B6D-4B76-849F-18DB6A864D90}.Debug|Any CPU.ActiveCfg = Debug|Any CPU
		{B734BCBA-6B6D-4B76-849F-18DB6A864D90}.Debug|Any CPU.Build.0 = Debug|Any CPU
		{B734BCBA-6B6D-4B76-849F-18DB6A864D90}.Release|Any CPU.ActiveCfg = Release|Any CPU
		{B734BCBA-6B6D-4B76-849F-18DB6A864D90}.Release|Any CPU.Build.0 = Release|Any CPU
		{42E5CC91-066A-4E5E-AF68-0D31DFBA8FC4}.Debug|Any CPU.ActiveCfg = Debug|Any CPU
		{42E5CC91-066A-4E5E-AF68-0D31DFBA8FC4}.Debug|Any CPU.Build.0 = Debug|Any CPU
		{42E5CC91-066A-4E5E-AF68-0D31DFBA8FC4}.Release|Any CPU.ActiveCfg = Release|Any CPU
		{42E5CC91-066A-4E5E-AF68-0D31DFBA8FC4}.Release|Any CPU.Build.0 = Release|Any CPU
		{A3E282EB-D49B-4D8E-B923-2FAD8FC835BD}.Debug|Any CPU.ActiveCfg = Debug|Any CPU
		{A3E282EB-D49B-4D8E-B923-2FAD8FC835BD}.Debug|Any CPU.Build.0 = Debug|Any CPU
		{A3E282EB-D49B-4D8E-B923-2FAD8FC835BD}.Release|Any CPU.ActiveCfg = Release|Any CPU
		{A3E282EB-D49B-4D8E-B923-2FAD8FC835BD}.Release|Any CPU.Build.0 = Release|Any CPU
	EndGlobalSection
	GlobalSection(SolutionProperties) = preSolution
		HideSolutionNode = FALSE
	EndGlobalSection
EndGlobal
