
Microsoft Visual Studio Solution File, Format Version 12.00
# Visual Studio 14
VisualStudioVersion = 14.0.25420.1
MinimumVisualStudioVersion = 10.0.40219.1
Project("{FAE04EC0-301F-11D3-BF4B-00C04F79EFBC}") = "NorthwindApp", "NorthwindApp\NorthwindApp.csproj", "{FA36F505-F538-40B1-8B62-ECC41B7E9274}"
EndProject
Project("{FAE04EC0-301F-11D3-BF4B-00C04F79EFBC}") = "NorthwindTasks", "NorthwindTasks\NorthwindTasks.csproj", "{C9252F9F-EC0E-4BB0-93AF-458836139F41}"
EndProject
Project("{FAE04EC0-301F-11D3-BF4B-00C04F79EFBC}") = "NorthwindData", "NorthwindData\NorthwindData.csproj", "{9CBC9EA8-38E4-4A90-BE95-A9F5C0858B07}"
EndProject
Global
	GlobalSection(SolutionConfigurationPlatforms) = preSolution
		Debug|Any CPU = Debug|Any CPU
		Release|Any CPU = Release|Any CPU
	EndGlobalSection
	GlobalSection(ProjectConfigurationPlatforms) = postSolution
		{FA36F505-F538-40B1-8B62-ECC41B7E9274}.Debug|Any CPU.ActiveCfg = Debug|Any CPU
		{FA36F505-F538-40B1-8B62-ECC41B7E9274}.Debug|Any CPU.Build.0 = Debug|Any CPU
		{FA36F505-F538-40B1-8B62-ECC41B7E9274}.Release|Any CPU.ActiveCfg = Release|Any CPU
		{FA36F505-F538-40B1-8B62-ECC41B7E9274}.Release|Any CPU.Build.0 = Release|Any CPU
		{C9252F9F-EC0E-4BB0-93AF-458836139F41}.Debug|Any CPU.ActiveCfg = Debug|Any CPU
		{C9252F9F-EC0E-4BB0-93AF-458836139F41}.Debug|Any CPU.Build.0 = Debug|Any CPU
		{C9252F9F-EC0E-4BB0-93AF-458836139F41}.Release|Any CPU.ActiveCfg = Release|Any CPU
		{C9252F9F-EC0E-4BB0-93AF-458836139F41}.Release|Any CPU.Build.0 = Release|Any CPU
		{9CBC9EA8-38E4-4A90-BE95-A9F5C0858B07}.Debug|Any CPU.ActiveCfg = Debug|Any CPU
		{9CBC9EA8-38E4-4A90-BE95-A9F5C0858B07}.Debug|Any CPU.Build.0 = Debug|Any CPU
		{9CBC9EA8-38E4-4A90-BE95-A9F5C0858B07}.Release|Any CPU.ActiveCfg = Release|Any CPU
		{9CBC9EA8-38E4-4A90-BE95-A9F5C0858B07}.Release|Any CPU.Build.0 = Release|Any CPU
	EndGlobalSection
	GlobalSection(SolutionProperties) = preSolution
		HideSolutionNode = FALSE
	EndGlobalSection
EndGlobal
