
Microsoft Visual Studio Solution File, Format Version 12.00
# Visual Studio 14
VisualStudioVersion = 14.0.25123.0
MinimumVisualStudioVersion = 10.0.40219.1
Project("{FAE04EC0-301F-11D3-BF4B-00C04F79EFBC}") = "ExtentionMethods", "ExtentionMethods\ExtentionMethods.csproj", "{954C8BBA-0C01-4DBA-A5A2-C21D187DCBA1}"
EndProject
Project("{FAE04EC0-301F-11D3-BF4B-00C04F79EFBC}") = "TestIEnumerable", "TestIEnumerable\TestIEnumerable.csproj", "{13667D7B-0294-422E-BD78-DCC66F904D32}"
EndProject
Project("{FAE04EC0-301F-11D3-BF4B-00C04F79EFBC}") = "TestSubstring", "TestSubstring\TestSubstring.csproj", "{1124C21D-198B-4B34-AE66-BA8D8423616C}"
EndProject
Global
	GlobalSection(SolutionConfigurationPlatforms) = preSolution
		Debug|Any CPU = Debug|Any CPU
		Release|Any CPU = Release|Any CPU
	EndGlobalSection
	GlobalSection(ProjectConfigurationPlatforms) = postSolution
		{954C8BBA-0C01-4DBA-A5A2-C21D187DCBA1}.Debug|Any CPU.ActiveCfg = Debug|Any CPU
		{954C8BBA-0C01-4DBA-A5A2-C21D187DCBA1}.Debug|Any CPU.Build.0 = Debug|Any CPU
		{954C8BBA-0C01-4DBA-A5A2-C21D187DCBA1}.Release|Any CPU.ActiveCfg = Release|Any CPU
		{954C8BBA-0C01-4DBA-A5A2-C21D187DCBA1}.Release|Any CPU.Build.0 = Release|Any CPU
		{13667D7B-0294-422E-BD78-DCC66F904D32}.Debug|Any CPU.ActiveCfg = Debug|Any CPU
		{13667D7B-0294-422E-BD78-DCC66F904D32}.Debug|Any CPU.Build.0 = Debug|Any CPU
		{13667D7B-0294-422E-BD78-DCC66F904D32}.Release|Any CPU.ActiveCfg = Release|Any CPU
		{13667D7B-0294-422E-BD78-DCC66F904D32}.Release|Any CPU.Build.0 = Release|Any CPU
		{1124C21D-198B-4B34-AE66-BA8D8423616C}.Debug|Any CPU.ActiveCfg = Debug|Any CPU
		{1124C21D-198B-4B34-AE66-BA8D8423616C}.Debug|Any CPU.Build.0 = Debug|Any CPU
		{1124C21D-198B-4B34-AE66-BA8D8423616C}.Release|Any CPU.ActiveCfg = Release|Any CPU
		{1124C21D-198B-4B34-AE66-BA8D8423616C}.Release|Any CPU.Build.0 = Release|Any CPU
	EndGlobalSection
	GlobalSection(SolutionProperties) = preSolution
		HideSolutionNode = FALSE
	EndGlobalSection
EndGlobal
