
Microsoft Visual Studio Solution File, Format Version 12.00
# Visual Studio 14
VisualStudioVersion = 14.0.25420.1
MinimumVisualStudioVersion = 10.0.40219.1
Project("{FAE04EC0-301F-11D3-BF4B-00C04F79EFBC}") = "03-Processing-JSON-in-.NET", "03-Processing-JSON-in-.NET\03-Processing-JSON-in-.NET.csproj", "{BBE1E23D-F78E-45AE-9419-79489FD7830B}"
EndProject
Global
	GlobalSection(SolutionConfigurationPlatforms) = preSolution
		Debug|Any CPU = Debug|Any CPU
		Release|Any CPU = Release|Any CPU
	EndGlobalSection
	GlobalSection(ProjectConfigurationPlatforms) = postSolution
		{BBE1E23D-F78E-45AE-9419-79489FD7830B}.Debug|Any CPU.ActiveCfg = Debug|Any CPU
		{BBE1E23D-F78E-45AE-9419-79489FD7830B}.Debug|Any CPU.Build.0 = Debug|Any CPU
		{BBE1E23D-F78E-45AE-9419-79489FD7830B}.Release|Any CPU.ActiveCfg = Release|Any CPU
		{BBE1E23D-F78E-45AE-9419-79489FD7830B}.Release|Any CPU.Build.0 = Release|Any CPU
	EndGlobalSection
	GlobalSection(SolutionProperties) = preSolution
		HideSolutionNode = FALSE
	EndGlobalSection
EndGlobal
