
Microsoft Visual Studio Solution File, Format Version 12.00
# Visual Studio 2013
VisualStudioVersion = 12.0.20827.3
MinimumVisualStudioVersion = 10.0.40219.1
Project("{FAE04EC0-301F-11D3-BF4B-00C04F79EFBC}") = "Moving-Letters", "Moving-Letters.csproj", "{BE5ADC96-76A7-4461-88A2-63F9A9FA5512}"
EndProject
Project("{FAE04EC0-301F-11D3-BF4B-00C04F79EFBC}") = "Moving-Letters-Test-Generator", "Moving-Letters-Test-Generator.csproj", "{C40C0648-E5C7-4C1D-B123-85841EA322AB}"
EndProject
Global
	GlobalSection(SolutionConfigurationPlatforms) = preSolution
		Debug|Any CPU = Debug|Any CPU
		Release|Any CPU = Release|Any CPU
	EndGlobalSection
	GlobalSection(ProjectConfigurationPlatforms) = postSolution
		{BE5ADC96-76A7-4461-88A2-63F9A9FA5512}.Debug|Any CPU.ActiveCfg = Debug|Any CPU
		{BE5ADC96-76A7-4461-88A2-63F9A9FA5512}.Debug|Any CPU.Build.0 = Debug|Any CPU
		{BE5ADC96-76A7-4461-88A2-63F9A9FA5512}.Release|Any CPU.ActiveCfg = Release|Any CPU
		{BE5ADC96-76A7-4461-88A2-63F9A9FA5512}.Release|Any CPU.Build.0 = Release|Any CPU
		{C40C0648-E5C7-4C1D-B123-85841EA322AB}.Debug|Any CPU.ActiveCfg = Debug|Any CPU
		{C40C0648-E5C7-4C1D-B123-85841EA322AB}.Debug|Any CPU.Build.0 = Debug|Any CPU
		{C40C0648-E5C7-4C1D-B123-85841EA322AB}.Release|Any CPU.ActiveCfg = Release|Any CPU
		{C40C0648-E5C7-4C1D-B123-85841EA322AB}.Release|Any CPU.Build.0 = Release|Any CPU
	EndGlobalSection
	GlobalSection(SolutionProperties) = preSolution
		HideSolutionNode = FALSE
	EndGlobalSection
EndGlobal
