
Microsoft Visual Studio Solution File, Format Version 12.00
# Visual Studio 14
VisualStudioVersion = 14.0.25123.0
MinimumVisualStudioVersion = 10.0.40219.1
Project("{FAE04EC0-301F-11D3-BF4B-00C04F79EFBC}") = "01.AllocateArray", "01.AllocateArray\01.AllocateArray.csproj", "{EE70D5D2-4E30-45A2-A7B2-6D0318CBEECE}"
EndProject
Project("{FAE04EC0-301F-11D3-BF4B-00C04F79EFBC}") = "02.CompareArrays", "02.CompareArrays\02.CompareArrays.csproj", "{95128A5D-5C7C-4499-8F7F-9CBEE5F3E880}"
EndProject
Project("{FAE04EC0-301F-11D3-BF4B-00C04F79EFBC}") = "03.CompareCharArrays", "03.CompareCharArrays\03.CompareCharArrays.csproj", "{94A554DC-F6C0-4016-9BEE-5386F41FC067}"
EndProject
Project("{FAE04EC0-301F-11D3-BF4B-00C04F79EFBC}") = "04.MaximalSequence", "04.MaximalSequence\04.MaximalSequence.csproj", "{5EB6E23F-C257-44FB-8708-7299EDF682A8}"
EndProject
Project("{FAE04EC0-301F-11D3-BF4B-00C04F79EFBC}") = "05.MaxIncreasingSequence", "05.MaxIncreasingSequence\05.MaxIncreasingSequence.csproj", "{A8CF81AC-E0ED-499F-BEEC-9DB13D28AAD8}"
EndProject
Project("{FAE04EC0-301F-11D3-BF4B-00C04F79EFBC}") = "06.MaxKSum", "06.MaxKSum\06.MaxKSum.csproj", "{57F649A6-A8C2-4520-909A-9AFFB189675B}"
EndProject
Project("{FAE04EC0-301F-11D3-BF4B-00C04F79EFBC}") = "07.SelectionSort", "07.SelectionSort\07.SelectionSort.csproj", "{B317EBE5-4BEC-4AE6-B10F-F01B7ED4F17F}"
EndProject
Project("{FAE04EC0-301F-11D3-BF4B-00C04F79EFBC}") = "08.MaxSum", "08.MaxSum\08.MaxSum.csproj", "{B2C3C316-AB32-4EAD-A8EE-16227D3DBA49}"
EndProject
Project("{FAE04EC0-301F-11D3-BF4B-00C04F79EFBC}") = "09.FrequentNumber", "09.FrequentNumber\09.FrequentNumber.csproj", "{A7E50B99-D062-4E7A-9279-38DFCFDD6C28}"
EndProject
Global
	GlobalSection(SolutionConfigurationPlatforms) = preSolution
		Debug|Any CPU = Debug|Any CPU
		Release|Any CPU = Release|Any CPU
	EndGlobalSection
	GlobalSection(ProjectConfigurationPlatforms) = postSolution
		{EE70D5D2-4E30-45A2-A7B2-6D0318CBEECE}.Debug|Any CPU.ActiveCfg = Debug|Any CPU
		{EE70D5D2-4E30-45A2-A7B2-6D0318CBEECE}.Debug|Any CPU.Build.0 = Debug|Any CPU
		{EE70D5D2-4E30-45A2-A7B2-6D0318CBEECE}.Release|Any CPU.ActiveCfg = Release|Any CPU
		{EE70D5D2-4E30-45A2-A7B2-6D0318CBEECE}.Release|Any CPU.Build.0 = Release|Any CPU
		{95128A5D-5C7C-4499-8F7F-9CBEE5F3E880}.Debug|Any CPU.ActiveCfg = Debug|Any CPU
		{95128A5D-5C7C-4499-8F7F-9CBEE5F3E880}.Debug|Any CPU.Build.0 = Debug|Any CPU
		{95128A5D-5C7C-4499-8F7F-9CBEE5F3E880}.Release|Any CPU.ActiveCfg = Release|Any CPU
		{95128A5D-5C7C-4499-8F7F-9CBEE5F3E880}.Release|Any CPU.Build.0 = Release|Any CPU
		{94A554DC-F6C0-4016-9BEE-5386F41FC067}.Debug|Any CPU.ActiveCfg = Debug|Any CPU
		{94A554DC-F6C0-4016-9BEE-5386F41FC067}.Debug|Any CPU.Build.0 = Debug|Any CPU
		{94A554DC-F6C0-4016-9BEE-5386F41FC067}.Release|Any CPU.ActiveCfg = Release|Any CPU
		{94A554DC-F6C0-4016-9BEE-5386F41FC067}.Release|Any CPU.Build.0 = Release|Any CPU
		{5EB6E23F-C257-44FB-8708-7299EDF682A8}.Debug|Any CPU.ActiveCfg = Debug|Any CPU
		{5EB6E23F-C257-44FB-8708-7299EDF682A8}.Debug|Any CPU.Build.0 = Debug|Any CPU
		{5EB6E23F-C257-44FB-8708-7299EDF682A8}.Release|Any CPU.ActiveCfg = Release|Any CPU
		{5EB6E23F-C257-44FB-8708-7299EDF682A8}.Release|Any CPU.Build.0 = Release|Any CPU
		{A8CF81AC-E0ED-499F-BEEC-9DB13D28AAD8}.Debug|Any CPU.ActiveCfg = Debug|Any CPU
		{A8CF81AC-E0ED-499F-BEEC-9DB13D28AAD8}.Debug|Any CPU.Build.0 = Debug|Any CPU
		{A8CF81AC-E0ED-499F-BEEC-9DB13D28AAD8}.Release|Any CPU.ActiveCfg = Release|Any CPU
		{A8CF81AC-E0ED-499F-BEEC-9DB13D28AAD8}.Release|Any CPU.Build.0 = Release|Any CPU
		{57F649A6-A8C2-4520-909A-9AFFB189675B}.Debug|Any CPU.ActiveCfg = Debug|Any CPU
		{57F649A6-A8C2-4520-909A-9AFFB189675B}.Debug|Any CPU.Build.0 = Debug|Any CPU
		{57F649A6-A8C2-4520-909A-9AFFB189675B}.Release|Any CPU.ActiveCfg = Release|Any CPU
		{57F649A6-A8C2-4520-909A-9AFFB189675B}.Release|Any CPU.Build.0 = Release|Any CPU
		{B317EBE5-4BEC-4AE6-B10F-F01B7ED4F17F}.Debug|Any CPU.ActiveCfg = Debug|Any CPU
		{B317EBE5-4BEC-4AE6-B10F-F01B7ED4F17F}.Debug|Any CPU.Build.0 = Debug|Any CPU
		{B317EBE5-4BEC-4AE6-B10F-F01B7ED4F17F}.Release|Any CPU.ActiveCfg = Release|Any CPU
		{B317EBE5-4BEC-4AE6-B10F-F01B7ED4F17F}.Release|Any CPU.Build.0 = Release|Any CPU
		{B2C3C316-AB32-4EAD-A8EE-16227D3DBA49}.Debug|Any CPU.ActiveCfg = Debug|Any CPU
		{B2C3C316-AB32-4EAD-A8EE-16227D3DBA49}.Debug|Any CPU.Build.0 = Debug|Any CPU
		{B2C3C316-AB32-4EAD-A8EE-16227D3DBA49}.Release|Any CPU.ActiveCfg = Release|Any CPU
		{B2C3C316-AB32-4EAD-A8EE-16227D3DBA49}.Release|Any CPU.Build.0 = Release|Any CPU
		{A7E50B99-D062-4E7A-9279-38DFCFDD6C28}.Debug|Any CPU.ActiveCfg = Debug|Any CPU
		{A7E50B99-D062-4E7A-9279-38DFCFDD6C28}.Debug|Any CPU.Build.0 = Debug|Any CPU
		{A7E50B99-D062-4E7A-9279-38DFCFDD6C28}.Release|Any CPU.ActiveCfg = Release|Any CPU
		{A7E50B99-D062-4E7A-9279-38DFCFDD6C28}.Release|Any CPU.Build.0 = Release|Any CPU
	EndGlobalSection
	GlobalSection(SolutionProperties) = preSolution
		HideSolutionNode = FALSE
	EndGlobalSection
EndGlobal
