
Microsoft Visual Studio Solution File, Format Version 12.00
# Visual Studio 14
VisualStudioVersion = 14.0.25420.1
MinimumVisualStudioVersion = 10.0.40219.1
Project("{FAE04EC0-301F-11D3-BF4B-00C04F79EFBC}") = "Company.ConsoleClient", "Company.ConsoleClient\Company.ConsoleClient.csproj", "{34728283-F59E-4862-B6A0-B9A3BE676B52}"
EndProject
Project("{FAE04EC0-301F-11D3-BF4B-00C04F79EFBC}") = "Company.Data", "Company.Data\Company.Data.csproj", "{63C02BFD-723C-4FA9-946E-4588CA3E8FBF}"
EndProject
Project("{FAE04EC0-301F-11D3-BF4B-00C04F79EFBC}") = "Company.Generator", "Company.Generator\Company.Generator.csproj", "{08E26916-1D77-4039-8FC0-DF2E75184B2A}"
EndProject
Global
	GlobalSection(SolutionConfigurationPlatforms) = preSolution
		Debug|Any CPU = Debug|Any CPU
		Release|Any CPU = Release|Any CPU
	EndGlobalSection
	GlobalSection(ProjectConfigurationPlatforms) = postSolution
		{34728283-F59E-4862-B6A0-B9A3BE676B52}.Debug|Any CPU.ActiveCfg = Debug|Any CPU
		{34728283-F59E-4862-B6A0-B9A3BE676B52}.Debug|Any CPU.Build.0 = Debug|Any CPU
		{34728283-F59E-4862-B6A0-B9A3BE676B52}.Release|Any CPU.ActiveCfg = Release|Any CPU
		{34728283-F59E-4862-B6A0-B9A3BE676B52}.Release|Any CPU.Build.0 = Release|Any CPU
		{63C02BFD-723C-4FA9-946E-4588CA3E8FBF}.Debug|Any CPU.ActiveCfg = Debug|Any CPU
		{63C02BFD-723C-4FA9-946E-4588CA3E8FBF}.Debug|Any CPU.Build.0 = Debug|Any CPU
		{63C02BFD-723C-4FA9-946E-4588CA3E8FBF}.Release|Any CPU.ActiveCfg = Release|Any CPU
		{63C02BFD-723C-4FA9-946E-4588CA3E8FBF}.Release|Any CPU.Build.0 = Release|Any CPU
		{08E26916-1D77-4039-8FC0-DF2E75184B2A}.Debug|Any CPU.ActiveCfg = Debug|Any CPU
		{08E26916-1D77-4039-8FC0-DF2E75184B2A}.Debug|Any CPU.Build.0 = Debug|Any CPU
		{08E26916-1D77-4039-8FC0-DF2E75184B2A}.Release|Any CPU.ActiveCfg = Release|Any CPU
		{08E26916-1D77-4039-8FC0-DF2E75184B2A}.Release|Any CPU.Build.0 = Release|Any CPU
	EndGlobalSection
	GlobalSection(SolutionProperties) = preSolution
		HideSolutionNode = FALSE
	EndGlobalSection
EndGlobal
