
Microsoft Visual Studio Solution File, Format Version 12.00
# Visual Studio 14
VisualStudioVersion = 14.0.24720.0
MinimumVisualStudioVersion = 10.0.40219.1
Project("{FAE04EC0-301F-11D3-BF4B-00C04F79EFBC}") = "ForestRoad", "ForestRoad\ForestRoad.csproj", "{A02C7686-E09B-416B-AD39-F97D22CF0CA9}"
EndProject
Project("{FAE04EC0-301F-11D3-BF4B-00C04F79EFBC}") = "Trapezoid", "Trapezoid\Trapezoid.csproj", "{BB5CF164-437E-4DDA-AE6C-585CAE6098E2}"
EndProject
Project("{FAE04EC0-301F-11D3-BF4B-00C04F79EFBC}") = "FirTree", "FirTree\FirTree.csproj", "{59ED30E6-9D0B-47E8-88CD-DC632322CE44}"
EndProject
Project("{FAE04EC0-301F-11D3-BF4B-00C04F79EFBC}") = "SandGlass", "SandGlass\SandGlass.csproj", "{BF317C57-F1DF-499D-87A0-335049C3A7AD}"
EndProject
Project("{FAE04EC0-301F-11D3-BF4B-00C04F79EFBC}") = "Carpets", "Carpets\Carpets.csproj", "{78BC03EB-5305-444B-84C1-110926047B5D}"
EndProject
Project("{FAE04EC0-301F-11D3-BF4B-00C04F79EFBC}") = "UKFlag", "UKFlag\UKFlag.csproj", "{DC1CE77E-FF7C-41CA-BAD8-D495788888D7}"
EndProject
Project("{FAE04EC0-301F-11D3-BF4B-00C04F79EFBC}") = "Fire", "Fire\Fire.csproj", "{5B2CC3EA-594E-4B66-8FCF-5E14597DD018}"
EndProject
Project("{FAE04EC0-301F-11D3-BF4B-00C04F79EFBC}") = "Cube", "Cube\Cube.csproj", "{9351D34F-3757-4689-B99A-E803AAD838CB}"
EndProject
Project("{FAE04EC0-301F-11D3-BF4B-00C04F79EFBC}") = "Cube3D", "Cube3D\Cube3D.csproj", "{B7744FF0-554C-493A-BB65-A655C859A423}"
EndProject
Project("{FAE04EC0-301F-11D3-BF4B-00C04F79EFBC}") = "BatGoikoTower", "BatGoikoTower\BatGoikoTower.csproj", "{8A7404CF-493D-44AA-891C-DD76AE587C79}"
EndProject
Project("{FAE04EC0-301F-11D3-BF4B-00C04F79EFBC}") = "Eggcelent", "Eggcelent\Eggcelent.csproj", "{1D12BB83-0991-431D-B0F4-79E60A2C22C4}"
EndProject
Project("{FAE04EC0-301F-11D3-BF4B-00C04F79EFBC}") = "KaspichaniaBoats", "KaspichaniaBoats\KaspichaniaBoats.csproj", "{9DCB6FE0-7510-4055-9739-D6839B7C767E}"
EndProject
Global
	GlobalSection(SolutionConfigurationPlatforms) = preSolution
		Debug|Any CPU = Debug|Any CPU
		Release|Any CPU = Release|Any CPU
	EndGlobalSection
	GlobalSection(ProjectConfigurationPlatforms) = postSolution
		{A02C7686-E09B-416B-AD39-F97D22CF0CA9}.Debug|Any CPU.ActiveCfg = Debug|Any CPU
		{A02C7686-E09B-416B-AD39-F97D22CF0CA9}.Debug|Any CPU.Build.0 = Debug|Any CPU
		{A02C7686-E09B-416B-AD39-F97D22CF0CA9}.Release|Any CPU.ActiveCfg = Release|Any CPU
		{A02C7686-E09B-416B-AD39-F97D22CF0CA9}.Release|Any CPU.Build.0 = Release|Any CPU
		{BB5CF164-437E-4DDA-AE6C-585CAE6098E2}.Debug|Any CPU.ActiveCfg = Debug|Any CPU
		{BB5CF164-437E-4DDA-AE6C-585CAE6098E2}.Debug|Any CPU.Build.0 = Debug|Any CPU
		{BB5CF164-437E-4DDA-AE6C-585CAE6098E2}.Release|Any CPU.ActiveCfg = Release|Any CPU
		{BB5CF164-437E-4DDA-AE6C-585CAE6098E2}.Release|Any CPU.Build.0 = Release|Any CPU
		{59ED30E6-9D0B-47E8-88CD-DC632322CE44}.Debug|Any CPU.ActiveCfg = Debug|Any CPU
		{59ED30E6-9D0B-47E8-88CD-DC632322CE44}.Debug|Any CPU.Build.0 = Debug|Any CPU
		{59ED30E6-9D0B-47E8-88CD-DC632322CE44}.Release|Any CPU.ActiveCfg = Release|Any CPU
		{59ED30E6-9D0B-47E8-88CD-DC632322CE44}.Release|Any CPU.Build.0 = Release|Any CPU
		{BF317C57-F1DF-499D-87A0-335049C3A7AD}.Debug|Any CPU.ActiveCfg = Debug|Any CPU
		{BF317C57-F1DF-499D-87A0-335049C3A7AD}.Debug|Any CPU.Build.0 = Debug|Any CPU
		{BF317C57-F1DF-499D-87A0-335049C3A7AD}.Release|Any CPU.ActiveCfg = Release|Any CPU
		{BF317C57-F1DF-499D-87A0-335049C3A7AD}.Release|Any CPU.Build.0 = Release|Any CPU
		{78BC03EB-5305-444B-84C1-110926047B5D}.Debug|Any CPU.ActiveCfg = Debug|Any CPU
		{78BC03EB-5305-444B-84C1-110926047B5D}.Debug|Any CPU.Build.0 = Debug|Any CPU
		{78BC03EB-5305-444B-84C1-110926047B5D}.Release|Any CPU.ActiveCfg = Release|Any CPU
		{78BC03EB-5305-444B-84C1-110926047B5D}.Release|Any CPU.Build.0 = Release|Any CPU
		{DC1CE77E-FF7C-41CA-BAD8-D495788888D7}.Debug|Any CPU.ActiveCfg = Debug|Any CPU
		{DC1CE77E-FF7C-41CA-BAD8-D495788888D7}.Debug|Any CPU.Build.0 = Debug|Any CPU
		{DC1CE77E-FF7C-41CA-BAD8-D495788888D7}.Release|Any CPU.ActiveCfg = Release|Any CPU
		{DC1CE77E-FF7C-41CA-BAD8-D495788888D7}.Release|Any CPU.Build.0 = Release|Any CPU
		{5B2CC3EA-594E-4B66-8FCF-5E14597DD018}.Debug|Any CPU.ActiveCfg = Debug|Any CPU
		{5B2CC3EA-594E-4B66-8FCF-5E14597DD018}.Debug|Any CPU.Build.0 = Debug|Any CPU
		{5B2CC3EA-594E-4B66-8FCF-5E14597DD018}.Release|Any CPU.ActiveCfg = Release|Any CPU
		{5B2CC3EA-594E-4B66-8FCF-5E14597DD018}.Release|Any CPU.Build.0 = Release|Any CPU
		{9351D34F-3757-4689-B99A-E803AAD838CB}.Debug|Any CPU.ActiveCfg = Debug|Any CPU
		{9351D34F-3757-4689-B99A-E803AAD838CB}.Debug|Any CPU.Build.0 = Debug|Any CPU
		{9351D34F-3757-4689-B99A-E803AAD838CB}.Release|Any CPU.ActiveCfg = Release|Any CPU
		{9351D34F-3757-4689-B99A-E803AAD838CB}.Release|Any CPU.Build.0 = Release|Any CPU
		{B7744FF0-554C-493A-BB65-A655C859A423}.Debug|Any CPU.ActiveCfg = Debug|Any CPU
		{B7744FF0-554C-493A-BB65-A655C859A423}.Debug|Any CPU.Build.0 = Debug|Any CPU
		{B7744FF0-554C-493A-BB65-A655C859A423}.Release|Any CPU.ActiveCfg = Release|Any CPU
		{B7744FF0-554C-493A-BB65-A655C859A423}.Release|Any CPU.Build.0 = Release|Any CPU
		{8A7404CF-493D-44AA-891C-DD76AE587C79}.Debug|Any CPU.ActiveCfg = Debug|Any CPU
		{8A7404CF-493D-44AA-891C-DD76AE587C79}.Debug|Any CPU.Build.0 = Debug|Any CPU
		{8A7404CF-493D-44AA-891C-DD76AE587C79}.Release|Any CPU.ActiveCfg = Release|Any CPU
		{8A7404CF-493D-44AA-891C-DD76AE587C79}.Release|Any CPU.Build.0 = Release|Any CPU
		{1D12BB83-0991-431D-B0F4-79E60A2C22C4}.Debug|Any CPU.ActiveCfg = Debug|Any CPU
		{1D12BB83-0991-431D-B0F4-79E60A2C22C4}.Debug|Any CPU.Build.0 = Debug|Any CPU
		{1D12BB83-0991-431D-B0F4-79E60A2C22C4}.Release|Any CPU.ActiveCfg = Release|Any CPU
		{1D12BB83-0991-431D-B0F4-79E60A2C22C4}.Release|Any CPU.Build.0 = Release|Any CPU
		{9DCB6FE0-7510-4055-9739-D6839B7C767E}.Debug|Any CPU.ActiveCfg = Debug|Any CPU
		{9DCB6FE0-7510-4055-9739-D6839B7C767E}.Debug|Any CPU.Build.0 = Debug|Any CPU
		{9DCB6FE0-7510-4055-9739-D6839B7C767E}.Release|Any CPU.ActiveCfg = Release|Any CPU
		{9DCB6FE0-7510-4055-9739-D6839B7C767E}.Release|Any CPU.Build.0 = Release|Any CPU
	EndGlobalSection
	GlobalSection(SolutionProperties) = preSolution
		HideSolutionNode = FALSE
	EndGlobalSection
EndGlobal
