
Microsoft Visual Studio Solution File, Format Version 12.00
# Visual Studio 14
VisualStudioVersion = 14.0.24720.0
MinimumVisualStudioVersion = 10.0.40219.1
Project("{FAE04EC0-301F-11D3-BF4B-00C04F79EFBC}") = "SaddyKopper", "SaddyKopper\SaddyKopper.csproj", "{D0FF2A7C-CE77-41E3-93E2-AE77E1975796}"
EndProject
Project("{FAE04EC0-301F-11D3-BF4B-00C04F79EFBC}") = "Enigmanation", "Enigmanation\Enigmanation.csproj", "{2C70EB8E-8FB2-4025-809F-AA73C2351D7E}"
EndProject
Project("{FAE04EC0-301F-11D3-BF4B-00C04F79EFBC}") = "CA1", "CA1\CA1.csproj", "{8421DB0E-C844-4F8A-A70D-F1F2D1B65B7E}"
EndProject
Global
	GlobalSection(SolutionConfigurationPlatforms) = preSolution
		Debug|Any CPU = Debug|Any CPU
		Release|Any CPU = Release|Any CPU
	EndGlobalSection
	GlobalSection(ProjectConfigurationPlatforms) = postSolution
		{D0FF2A7C-CE77-41E3-93E2-AE77E1975796}.Debug|Any CPU.ActiveCfg = Debug|Any CPU
		{D0FF2A7C-CE77-41E3-93E2-AE77E1975796}.Debug|Any CPU.Build.0 = Debug|Any CPU
		{D0FF2A7C-CE77-41E3-93E2-AE77E1975796}.Release|Any CPU.ActiveCfg = Release|Any CPU
		{D0FF2A7C-CE77-41E3-93E2-AE77E1975796}.Release|Any CPU.Build.0 = Release|Any CPU
		{2C70EB8E-8FB2-4025-809F-AA73C2351D7E}.Debug|Any CPU.ActiveCfg = Debug|Any CPU
		{2C70EB8E-8FB2-4025-809F-AA73C2351D7E}.Debug|Any CPU.Build.0 = Debug|Any CPU
		{2C70EB8E-8FB2-4025-809F-AA73C2351D7E}.Release|Any CPU.ActiveCfg = Release|Any CPU
		{2C70EB8E-8FB2-4025-809F-AA73C2351D7E}.Release|Any CPU.Build.0 = Release|Any CPU
		{8421DB0E-C844-4F8A-A70D-F1F2D1B65B7E}.Debug|Any CPU.ActiveCfg = Debug|Any CPU
		{8421DB0E-C844-4F8A-A70D-F1F2D1B65B7E}.Debug|Any CPU.Build.0 = Debug|Any CPU
		{8421DB0E-C844-4F8A-A70D-F1F2D1B65B7E}.Release|Any CPU.ActiveCfg = Release|Any CPU
		{8421DB0E-C844-4F8A-A70D-F1F2D1B65B7E}.Release|Any CPU.Build.0 = Release|Any CPU
	EndGlobalSection
	GlobalSection(SolutionProperties) = preSolution
		HideSolutionNode = FALSE
	EndGlobalSection
EndGlobal
