
Microsoft Visual Studio Solution File, Format Version 12.00
# Visual Studio 14
VisualStudioVersion = 14.0.24720.0
MinimumVisualStudioVersion = 10.0.40219.1
Project("{FAE04EC0-301F-11D3-BF4B-00C04F79EFBC}") = "SymbolToNumber", "SymbolToNumber\SymbolToNumber.csproj", "{C653D693-C9AC-476C-A81A-CD7A67EEF61F}"
EndProject
Project("{FAE04EC0-301F-11D3-BF4B-00C04F79EFBC}") = "Decoding", "Decoding\Decoding.csproj", "{D29D9BC4-5141-443D-BDDC-AF9BAF161D15}"
EndProject
Project("{FAE04EC0-301F-11D3-BF4B-00C04F79EFBC}") = "EncodingSum", "EncodingSum\EncodingSum.csproj", "{40AB7652-4F5A-4DC1-9731-F0D46D44EDDE}"
EndProject
Project("{FAE04EC0-301F-11D3-BF4B-00C04F79EFBC}") = "TextToNumber", "TextToNumber\TextToNumber.csproj", "{229ABBDB-B571-49D0-9400-2714B8160D6A}"
EndProject
Project("{FAE04EC0-301F-11D3-BF4B-00C04F79EFBC}") = "NightmareOnCodeStreet", "NightmareOnCodeStreet\NightmareOnCodeStreet.csproj", "{1446E190-2640-405E-A001-C7B2866EAB71}"
EndProject
Project("{FAE04EC0-301F-11D3-BF4B-00C04F79EFBC}") = "TheHorror", "TheHorror\TheHorror.csproj", "{3056A384-CC25-4236-8E3A-A2B7532A0D06}"
EndProject
Project("{FAE04EC0-301F-11D3-BF4B-00C04F79EFBC}") = "Secrets", "Secrets\Secrets.csproj", "{5E081CCD-B5D3-46C7-91FD-8B85AFA2F46C}"
EndProject
Global
	GlobalSection(SolutionConfigurationPlatforms) = preSolution
		Debug|Any CPU = Debug|Any CPU
		Release|Any CPU = Release|Any CPU
	EndGlobalSection
	GlobalSection(ProjectConfigurationPlatforms) = postSolution
		{C653D693-C9AC-476C-A81A-CD7A67EEF61F}.Debug|Any CPU.ActiveCfg = Debug|Any CPU
		{C653D693-C9AC-476C-A81A-CD7A67EEF61F}.Debug|Any CPU.Build.0 = Debug|Any CPU
		{C653D693-C9AC-476C-A81A-CD7A67EEF61F}.Release|Any CPU.ActiveCfg = Release|Any CPU
		{C653D693-C9AC-476C-A81A-CD7A67EEF61F}.Release|Any CPU.Build.0 = Release|Any CPU
		{D29D9BC4-5141-443D-BDDC-AF9BAF161D15}.Debug|Any CPU.ActiveCfg = Debug|Any CPU
		{D29D9BC4-5141-443D-BDDC-AF9BAF161D15}.Debug|Any CPU.Build.0 = Debug|Any CPU
		{D29D9BC4-5141-443D-BDDC-AF9BAF161D15}.Release|Any CPU.ActiveCfg = Release|Any CPU
		{D29D9BC4-5141-443D-BDDC-AF9BAF161D15}.Release|Any CPU.Build.0 = Release|Any CPU
		{40AB7652-4F5A-4DC1-9731-F0D46D44EDDE}.Debug|Any CPU.ActiveCfg = Debug|Any CPU
		{40AB7652-4F5A-4DC1-9731-F0D46D44EDDE}.Debug|Any CPU.Build.0 = Debug|Any CPU
		{40AB7652-4F5A-4DC1-9731-F0D46D44EDDE}.Release|Any CPU.ActiveCfg = Release|Any CPU
		{40AB7652-4F5A-4DC1-9731-F0D46D44EDDE}.Release|Any CPU.Build.0 = Release|Any CPU
		{229ABBDB-B571-49D0-9400-2714B8160D6A}.Debug|Any CPU.ActiveCfg = Debug|Any CPU
		{229ABBDB-B571-49D0-9400-2714B8160D6A}.Debug|Any CPU.Build.0 = Debug|Any CPU
		{229ABBDB-B571-49D0-9400-2714B8160D6A}.Release|Any CPU.ActiveCfg = Release|Any CPU
		{229ABBDB-B571-49D0-9400-2714B8160D6A}.Release|Any CPU.Build.0 = Release|Any CPU
		{1446E190-2640-405E-A001-C7B2866EAB71}.Debug|Any CPU.ActiveCfg = Debug|Any CPU
		{1446E190-2640-405E-A001-C7B2866EAB71}.Debug|Any CPU.Build.0 = Debug|Any CPU
		{1446E190-2640-405E-A001-C7B2866EAB71}.Release|Any CPU.ActiveCfg = Release|Any CPU
		{1446E190-2640-405E-A001-C7B2866EAB71}.Release|Any CPU.Build.0 = Release|Any CPU
		{3056A384-CC25-4236-8E3A-A2B7532A0D06}.Debug|Any CPU.ActiveCfg = Debug|Any CPU
		{3056A384-CC25-4236-8E3A-A2B7532A0D06}.Debug|Any CPU.Build.0 = Debug|Any CPU
		{3056A384-CC25-4236-8E3A-A2B7532A0D06}.Release|Any CPU.ActiveCfg = Release|Any CPU
		{3056A384-CC25-4236-8E3A-A2B7532A0D06}.Release|Any CPU.Build.0 = Release|Any CPU
		{5E081CCD-B5D3-46C7-91FD-8B85AFA2F46C}.Debug|Any CPU.ActiveCfg = Debug|Any CPU
		{5E081CCD-B5D3-46C7-91FD-8B85AFA2F46C}.Debug|Any CPU.Build.0 = Debug|Any CPU
		{5E081CCD-B5D3-46C7-91FD-8B85AFA2F46C}.Release|Any CPU.ActiveCfg = Release|Any CPU
		{5E081CCD-B5D3-46C7-91FD-8B85AFA2F46C}.Release|Any CPU.Build.0 = Release|Any CPU
	EndGlobalSection
	GlobalSection(SolutionProperties) = preSolution
		HideSolutionNode = FALSE
	EndGlobalSection
EndGlobal
