
Microsoft Visual Studio Solution File, Format Version 12.00
# Visual Studio 14
VisualStudioVersion = 14.0.25420.1
MinimumVisualStudioVersion = 10.0.40219.1
Project("{FAE04EC0-301F-11D3-BF4B-00C04F79EFBC}") = "SchoolAssembly", "SchoolAssembly\SchoolAssembly.csproj", "{80E8C3C2-248C-4F36-939C-0A4CE67BCCF2}"
EndProject
Project("{FAE04EC0-301F-11D3-BF4B-00C04F79EFBC}") = "SchoolAssemblyTests", "SchoolAssemblyTests\SchoolAssemblyTests.csproj", "{D5BBB582-CC5C-4CC1-811A-4B31E6D11006}"
EndProject
Global
	GlobalSection(SolutionConfigurationPlatforms) = preSolution
		Debug|Any CPU = Debug|Any CPU
		Release|Any CPU = Release|Any CPU
	EndGlobalSection
	GlobalSection(ProjectConfigurationPlatforms) = postSolution
		{80E8C3C2-248C-4F36-939C-0A4CE67BCCF2}.Debug|Any CPU.ActiveCfg = Debug|Any CPU
		{80E8C3C2-248C-4F36-939C-0A4CE67BCCF2}.Debug|Any CPU.Build.0 = Debug|Any CPU
		{80E8C3C2-248C-4F36-939C-0A4CE67BCCF2}.Release|Any CPU.ActiveCfg = Release|Any CPU
		{80E8C3C2-248C-4F36-939C-0A4CE67BCCF2}.Release|Any CPU.Build.0 = Release|Any CPU
		{D5BBB582-CC5C-4CC1-811A-4B31E6D11006}.Debug|Any CPU.ActiveCfg = Debug|Any CPU
		{D5BBB582-CC5C-4CC1-811A-4B31E6D11006}.Debug|Any CPU.Build.0 = Debug|Any CPU
		{D5BBB582-CC5C-4CC1-811A-4B31E6D11006}.Release|Any CPU.ActiveCfg = Release|Any CPU
		{D5BBB582-CC5C-4CC1-811A-4B31E6D11006}.Release|Any CPU.Build.0 = Release|Any CPU
	EndGlobalSection
	GlobalSection(SolutionProperties) = preSolution
		HideSolutionNode = FALSE
	EndGlobalSection
EndGlobal
