
Microsoft Visual Studio Solution File, Format Version 12.00
# Visual Studio 14
VisualStudioVersion = 14.0.25420.1
MinimumVisualStudioVersion = 10.0.40219.1
Project("{FAE04EC0-301F-11D3-BF4B-00C04F79EFBC}") = "Cars.Data", "Cars.Data\Cars.Data.csproj", "{ADBBD774-6857-4B45-9962-73D29EAE2047}"
EndProject
Project("{FAE04EC0-301F-11D3-BF4B-00C04F79EFBC}") = "Cars.Models", "Cars.Models\Cars.Models.csproj", "{A4D0B1CC-6E6F-4B14-8196-D2F4C5ED2F67}"
EndProject
Project("{FAE04EC0-301F-11D3-BF4B-00C04F79EFBC}") = "Cars.ConsoleClient", "Cars.ConsoleClient\Cars.ConsoleClient.csproj", "{58845A11-068D-4FF8-A303-7A5E90725694}"
EndProject
Global
	GlobalSection(SolutionConfigurationPlatforms) = preSolution
		Debug|Any CPU = Debug|Any CPU
		Release|Any CPU = Release|Any CPU
	EndGlobalSection
	GlobalSection(ProjectConfigurationPlatforms) = postSolution
		{ADBBD774-6857-4B45-9962-73D29EAE2047}.Debug|Any CPU.ActiveCfg = Debug|Any CPU
		{ADBBD774-6857-4B45-9962-73D29EAE2047}.Debug|Any CPU.Build.0 = Debug|Any CPU
		{ADBBD774-6857-4B45-9962-73D29EAE2047}.Release|Any CPU.ActiveCfg = Release|Any CPU
		{ADBBD774-6857-4B45-9962-73D29EAE2047}.Release|Any CPU.Build.0 = Release|Any CPU
		{A4D0B1CC-6E6F-4B14-8196-D2F4C5ED2F67}.Debug|Any CPU.ActiveCfg = Debug|Any CPU
		{A4D0B1CC-6E6F-4B14-8196-D2F4C5ED2F67}.Debug|Any CPU.Build.0 = Debug|Any CPU
		{A4D0B1CC-6E6F-4B14-8196-D2F4C5ED2F67}.Release|Any CPU.ActiveCfg = Release|Any CPU
		{A4D0B1CC-6E6F-4B14-8196-D2F4C5ED2F67}.Release|Any CPU.Build.0 = Release|Any CPU
		{58845A11-068D-4FF8-A303-7A5E90725694}.Debug|Any CPU.ActiveCfg = Debug|Any CPU
		{58845A11-068D-4FF8-A303-7A5E90725694}.Debug|Any CPU.Build.0 = Debug|Any CPU
		{58845A11-068D-4FF8-A303-7A5E90725694}.Release|Any CPU.ActiveCfg = Release|Any CPU
		{58845A11-068D-4FF8-A303-7A5E90725694}.Release|Any CPU.Build.0 = Release|Any CPU
	EndGlobalSection
	GlobalSection(SolutionProperties) = preSolution
		HideSolutionNode = FALSE
	EndGlobalSection
EndGlobal
