
Microsoft Visual Studio Solution File, Format Version 12.00
# Visual Studio 14
VisualStudioVersion = 14.0.25123.0
MinimumVisualStudioVersion = 10.0.40219.1
Project("{FAE04EC0-301F-11D3-BF4B-00C04F79EFBC}") = "StrangeLandNumbers", "StrangeLandNumbers\StrangeLandNumbers.csproj", "{97483A84-6DBF-4CEB-B57E-E75D2069F87B}"
EndProject
Project("{FAE04EC0-301F-11D3-BF4B-00C04F79EFBC}") = "Zerg", "Zerg\Zerg.csproj", "{2D14F9D4-54BD-432C-80BA-16BA843133C0}"
EndProject
Project("{FAE04EC0-301F-11D3-BF4B-00C04F79EFBC}") = "DeCatCoding", "DeCatCoding\DeCatCoding.csproj", "{5B5F1002-3740-4C55-A156-45B58A5665AF}"
EndProject
Global
	GlobalSection(SolutionConfigurationPlatforms) = preSolution
		Debug|Any CPU = Debug|Any CPU
		Release|Any CPU = Release|Any CPU
	EndGlobalSection
	GlobalSection(ProjectConfigurationPlatforms) = postSolution
		{97483A84-6DBF-4CEB-B57E-E75D2069F87B}.Debug|Any CPU.ActiveCfg = Debug|Any CPU
		{97483A84-6DBF-4CEB-B57E-E75D2069F87B}.Debug|Any CPU.Build.0 = Debug|Any CPU
		{97483A84-6DBF-4CEB-B57E-E75D2069F87B}.Release|Any CPU.ActiveCfg = Release|Any CPU
		{97483A84-6DBF-4CEB-B57E-E75D2069F87B}.Release|Any CPU.Build.0 = Release|Any CPU
		{2D14F9D4-54BD-432C-80BA-16BA843133C0}.Debug|Any CPU.ActiveCfg = Debug|Any CPU
		{2D14F9D4-54BD-432C-80BA-16BA843133C0}.Debug|Any CPU.Build.0 = Debug|Any CPU
		{2D14F9D4-54BD-432C-80BA-16BA843133C0}.Release|Any CPU.ActiveCfg = Release|Any CPU
		{2D14F9D4-54BD-432C-80BA-16BA843133C0}.Release|Any CPU.Build.0 = Release|Any CPU
		{5B5F1002-3740-4C55-A156-45B58A5665AF}.Debug|Any CPU.ActiveCfg = Debug|Any CPU
		{5B5F1002-3740-4C55-A156-45B58A5665AF}.Debug|Any CPU.Build.0 = Debug|Any CPU
		{5B5F1002-3740-4C55-A156-45B58A5665AF}.Release|Any CPU.ActiveCfg = Release|Any CPU
		{5B5F1002-3740-4C55-A156-45B58A5665AF}.Release|Any CPU.Build.0 = Release|Any CPU
	EndGlobalSection
	GlobalSection(SolutionProperties) = preSolution
		HideSolutionNode = FALSE
	EndGlobalSection
EndGlobal
