
Microsoft Visual Studio Solution File, Format Version 12.00
# Visual Studio 14
VisualStudioVersion = 14.0.25123.0
MinimumVisualStudioVersion = 10.0.40219.1
Project("{FAE04EC0-301F-11D3-BF4B-00C04F79EFBC}") = "RelevanceIndex", "RelevanceIndex\RelevanceIndex.csproj", "{837676B8-4AF0-41B5-BF6C-1A6BEFF21D64}"
EndProject
Project("{FAE04EC0-301F-11D3-BF4B-00C04F79EFBC}") = "VariableLength", "VariableLength\VariableLength.csproj", "{5BC24553-27BE-410B-B67E-1FCE2ED76F40}"
EndProject
Global
	GlobalSection(SolutionConfigurationPlatforms) = preSolution
		Debug|Any CPU = Debug|Any CPU
		Release|Any CPU = Release|Any CPU
	EndGlobalSection
	GlobalSection(ProjectConfigurationPlatforms) = postSolution
		{837676B8-4AF0-41B5-BF6C-1A6BEFF21D64}.Debug|Any CPU.ActiveCfg = Debug|Any CPU
		{837676B8-4AF0-41B5-BF6C-1A6BEFF21D64}.Debug|Any CPU.Build.0 = Debug|Any CPU
		{837676B8-4AF0-41B5-BF6C-1A6BEFF21D64}.Release|Any CPU.ActiveCfg = Release|Any CPU
		{837676B8-4AF0-41B5-BF6C-1A6BEFF21D64}.Release|Any CPU.Build.0 = Release|Any CPU
		{5BC24553-27BE-410B-B67E-1FCE2ED76F40}.Debug|Any CPU.ActiveCfg = Debug|Any CPU
		{5BC24553-27BE-410B-B67E-1FCE2ED76F40}.Debug|Any CPU.Build.0 = Debug|Any CPU
		{5BC24553-27BE-410B-B67E-1FCE2ED76F40}.Release|Any CPU.ActiveCfg = Release|Any CPU
		{5BC24553-27BE-410B-B67E-1FCE2ED76F40}.Release|Any CPU.Build.0 = Release|Any CPU
	EndGlobalSection
	GlobalSection(SolutionProperties) = preSolution
		HideSolutionNode = FALSE
	EndGlobalSection
EndGlobal
