
Microsoft Visual Studio Solution File, Format Version 12.00
# Visual Studio 14
VisualStudioVersion = 14.0.25123.0
MinimumVisualStudioVersion = 10.0.40219.1
Project("{FAE04EC0-301F-11D3-BF4B-00C04F79EFBC}") = "StrangeLandNumbers", "StrangeLandNumbers\StrangeLandNumbers.csproj", "{97483A84-6DBF-4CEB-B57E-E75D2069F87B}"
EndProject
Project("{FAE04EC0-301F-11D3-BF4B-00C04F79EFBC}") = "Zerg", "Zerg\Zerg.csproj", "{2D14F9D4-54BD-432C-80BA-16BA843133C0}"
EndProject
Project("{FAE04EC0-301F-11D3-BF4B-00C04F79EFBC}") = "DeCatCoding", "DeCatCoding\DeCatCoding.csproj", "{5B5F1002-3740-4C55-A156-45B58A5665AF}"
EndProject
Project("{FAE04EC0-301F-11D3-BF4B-00C04F79EFBC}") = "NineGagNumbers", "NineGagNumbers\NineGagNumbers.csproj", "{2433D98A-75B9-4BA1-A405-A37BF38E22FC}"
EndProject
Project("{FAE04EC0-301F-11D3-BF4B-00C04F79EFBC}") = "CalculationProblem", "CalculationProblem\CalculationProblem.csproj", "{33312B12-EB92-4642-B426-CC38C72D1A54}"
EndProject
Project("{FAE04EC0-301F-11D3-BF4B-00C04F79EFBC}") = "Tres4Numbers", "Tres4Numbers\Tres4Numbers.csproj", "{EC4B17FE-1654-4986-8931-133F61392A07}"
EndProject
Project("{FAE04EC0-301F-11D3-BF4B-00C04F79EFBC}") = "MultiverseCommunication", "MultiverseCommunication\MultiverseCommunication.csproj", "{9C4C4335-3D28-4F9C-A360-10A8AAFD94A3}"
EndProject
Project("{FAE04EC0-301F-11D3-BF4B-00C04F79EFBC}") = "DurankulakNumbers", "DurankulakNumbers\DurankulakNumbers.csproj", "{AC76AE53-CD58-4BE2-9265-834BD143834B}"
EndProject
Project("{FAE04EC0-301F-11D3-BF4B-00C04F79EFBC}") = "KaspichanNumbers", "KaspichanNumbers\KaspichanNumbers.csproj", "{BD2C2C84-4ADA-46EC-9CB0-230B583EBF17}"
EndProject
Global
	GlobalSection(SolutionConfigurationPlatforms) = preSolution
		Debug|Any CPU = Debug|Any CPU
		Release|Any CPU = Release|Any CPU
	EndGlobalSection
	GlobalSection(ProjectConfigurationPlatforms) = postSolution
		{97483A84-6DBF-4CEB-B57E-E75D2069F87B}.Debug|Any CPU.ActiveCfg = Debug|Any CPU
		{97483A84-6DBF-4CEB-B57E-E75D2069F87B}.Debug|Any CPU.Build.0 = Debug|Any CPU
		{97483A84-6DBF-4CEB-B57E-E75D2069F87B}.Release|Any CPU.ActiveCfg = Release|Any CPU
		{97483A84-6DBF-4CEB-B57E-E75D2069F87B}.Release|Any CPU.Build.0 = Release|Any CPU
		{2D14F9D4-54BD-432C-80BA-16BA843133C0}.Debug|Any CPU.ActiveCfg = Debug|Any CPU
		{2D14F9D4-54BD-432C-80BA-16BA843133C0}.Debug|Any CPU.Build.0 = Debug|Any CPU
		{2D14F9D4-54BD-432C-80BA-16BA843133C0}.Release|Any CPU.ActiveCfg = Release|Any CPU
		{2D14F9D4-54BD-432C-80BA-16BA843133C0}.Release|Any CPU.Build.0 = Release|Any CPU
		{5B5F1002-3740-4C55-A156-45B58A5665AF}.Debug|Any CPU.ActiveCfg = Debug|Any CPU
		{5B5F1002-3740-4C55-A156-45B58A5665AF}.Debug|Any CPU.Build.0 = Debug|Any CPU
		{5B5F1002-3740-4C55-A156-45B58A5665AF}.Release|Any CPU.ActiveCfg = Release|Any CPU
		{5B5F1002-3740-4C55-A156-45B58A5665AF}.Release|Any CPU.Build.0 = Release|Any CPU
		{2433D98A-75B9-4BA1-A405-A37BF38E22FC}.Debug|Any CPU.ActiveCfg = Debug|Any CPU
		{2433D98A-75B9-4BA1-A405-A37BF38E22FC}.Debug|Any CPU.Build.0 = Debug|Any CPU
		{2433D98A-75B9-4BA1-A405-A37BF38E22FC}.Release|Any CPU.ActiveCfg = Release|Any CPU
		{2433D98A-75B9-4BA1-A405-A37BF38E22FC}.Release|Any CPU.Build.0 = Release|Any CPU
		{33312B12-EB92-4642-B426-CC38C72D1A54}.Debug|Any CPU.ActiveCfg = Debug|Any CPU
		{33312B12-EB92-4642-B426-CC38C72D1A54}.Debug|Any CPU.Build.0 = Debug|Any CPU
		{33312B12-EB92-4642-B426-CC38C72D1A54}.Release|Any CPU.ActiveCfg = Release|Any CPU
		{33312B12-EB92-4642-B426-CC38C72D1A54}.Release|Any CPU.Build.0 = Release|Any CPU
		{EC4B17FE-1654-4986-8931-133F61392A07}.Debug|Any CPU.ActiveCfg = Debug|Any CPU
		{EC4B17FE-1654-4986-8931-133F61392A07}.Debug|Any CPU.Build.0 = Debug|Any CPU
		{EC4B17FE-1654-4986-8931-133F61392A07}.Release|Any CPU.ActiveCfg = Release|Any CPU
		{EC4B17FE-1654-4986-8931-133F61392A07}.Release|Any CPU.Build.0 = Release|Any CPU
		{9C4C4335-3D28-4F9C-A360-10A8AAFD94A3}.Debug|Any CPU.ActiveCfg = Debug|Any CPU
		{9C4C4335-3D28-4F9C-A360-10A8AAFD94A3}.Debug|Any CPU.Build.0 = Debug|Any CPU
		{9C4C4335-3D28-4F9C-A360-10A8AAFD94A3}.Release|Any CPU.ActiveCfg = Release|Any CPU
		{9C4C4335-3D28-4F9C-A360-10A8AAFD94A3}.Release|Any CPU.Build.0 = Release|Any CPU
		{AC76AE53-CD58-4BE2-9265-834BD143834B}.Debug|Any CPU.ActiveCfg = Debug|Any CPU
		{AC76AE53-CD58-4BE2-9265-834BD143834B}.Debug|Any CPU.Build.0 = Debug|Any CPU
		{AC76AE53-CD58-4BE2-9265-834BD143834B}.Release|Any CPU.ActiveCfg = Release|Any CPU
		{AC76AE53-CD58-4BE2-9265-834BD143834B}.Release|Any CPU.Build.0 = Release|Any CPU
		{BD2C2C84-4ADA-46EC-9CB0-230B583EBF17}.Debug|Any CPU.ActiveCfg = Debug|Any CPU
		{BD2C2C84-4ADA-46EC-9CB0-230B583EBF17}.Debug|Any CPU.Build.0 = Debug|Any CPU
		{BD2C2C84-4ADA-46EC-9CB0-230B583EBF17}.Release|Any CPU.ActiveCfg = Release|Any CPU
		{BD2C2C84-4ADA-46EC-9CB0-230B583EBF17}.Release|Any CPU.Build.0 = Release|Any CPU
	EndGlobalSection
	GlobalSection(SolutionProperties) = preSolution
		HideSolutionNode = FALSE
	EndGlobalSection
EndGlobal
