
Microsoft Visual Studio Solution File, Format Version 12.00
# Visual Studio 14
VisualStudioVersion = 14.0.25123.0
MinimumVisualStudioVersion = 10.0.40219.1
Project("{FAE04EC0-301F-11D3-BF4B-00C04F79EFBC}") = "01.SquareRoot", "01.SquareRoot\01.SquareRoot.csproj", "{9938F1A6-E024-4610-A0A7-AF7F3DB8DBB2}"
EndProject
Project("{FAE04EC0-301F-11D3-BF4B-00C04F79EFBC}") = "02.EnterNumbers", "02.EnterNumbers\02.EnterNumbers.csproj", "{0BC6AC89-4DCA-4FC5-A2F3-11AF28330D40}"
EndProject
Project("{FAE04EC0-301F-11D3-BF4B-00C04F79EFBC}") = "03.ReadFileContents", "03.ReadFileContents\03.ReadFileContents.csproj", "{BB78AEDC-DC79-4D29-8430-3EA987833744}"
EndProject
Project("{FAE04EC0-301F-11D3-BF4B-00C04F79EFBC}") = "04.DownloadFile", "04.DownloadFile\04.DownloadFile.csproj", "{74119109-EB3C-4284-8CA2-CEB39C69058A}"
EndProject
Global
	GlobalSection(SolutionConfigurationPlatforms) = preSolution
		Debug|Any CPU = Debug|Any CPU
		Release|Any CPU = Release|Any CPU
	EndGlobalSection
	GlobalSection(ProjectConfigurationPlatforms) = postSolution
		{9938F1A6-E024-4610-A0A7-AF7F3DB8DBB2}.Debug|Any CPU.ActiveCfg = Debug|Any CPU
		{9938F1A6-E024-4610-A0A7-AF7F3DB8DBB2}.Debug|Any CPU.Build.0 = Debug|Any CPU
		{9938F1A6-E024-4610-A0A7-AF7F3DB8DBB2}.Release|Any CPU.ActiveCfg = Release|Any CPU
		{9938F1A6-E024-4610-A0A7-AF7F3DB8DBB2}.Release|Any CPU.Build.0 = Release|Any CPU
		{0BC6AC89-4DCA-4FC5-A2F3-11AF28330D40}.Debug|Any CPU.ActiveCfg = Debug|Any CPU
		{0BC6AC89-4DCA-4FC5-A2F3-11AF28330D40}.Debug|Any CPU.Build.0 = Debug|Any CPU
		{0BC6AC89-4DCA-4FC5-A2F3-11AF28330D40}.Release|Any CPU.ActiveCfg = Release|Any CPU
		{0BC6AC89-4DCA-4FC5-A2F3-11AF28330D40}.Release|Any CPU.Build.0 = Release|Any CPU
		{BB78AEDC-DC79-4D29-8430-3EA987833744}.Debug|Any CPU.ActiveCfg = Debug|Any CPU
		{BB78AEDC-DC79-4D29-8430-3EA987833744}.Debug|Any CPU.Build.0 = Debug|Any CPU
		{BB78AEDC-DC79-4D29-8430-3EA987833744}.Release|Any CPU.ActiveCfg = Release|Any CPU
		{BB78AEDC-DC79-4D29-8430-3EA987833744}.Release|Any CPU.Build.0 = Release|Any CPU
		{74119109-EB3C-4284-8CA2-CEB39C69058A}.Debug|Any CPU.ActiveCfg = Debug|Any CPU
		{74119109-EB3C-4284-8CA2-CEB39C69058A}.Debug|Any CPU.Build.0 = Debug|Any CPU
		{74119109-EB3C-4284-8CA2-CEB39C69058A}.Release|Any CPU.ActiveCfg = Release|Any CPU
		{74119109-EB3C-4284-8CA2-CEB39C69058A}.Release|Any CPU.Build.0 = Release|Any CPU
	EndGlobalSection
	GlobalSection(SolutionProperties) = preSolution
		HideSolutionNode = FALSE
	EndGlobalSection
EndGlobal
