
Microsoft Visual Studio Solution File, Format Version 12.00
# Visual Studio 14
VisualStudioVersion = 14.0.25420.1
MinimumVisualStudioVersion = 10.0.40219.1
Project("{FAE04EC0-301F-11D3-BF4B-00C04F79EFBC}") = "BookStore.ConsoleClient", "BookStore.ConsoleClient\BookStore.ConsoleClient.csproj", "{52CE9F4B-B556-46A2-991F-F9D909EA987B}"
EndProject
Project("{FAE04EC0-301F-11D3-BF4B-00C04F79EFBC}") = "BookStore.Data", "BookStore.Data\BookStore.Data.csproj", "{45F27C60-A070-495C-B265-D950D7539769}"
EndProject
Project("{FAE04EC0-301F-11D3-BF4B-00C04F79EFBC}") = "BookStore.Models", "BookStore.Models\BookStore.Models.csproj", "{C2702090-B75C-4F4C-9CCA-66B48DDEDF7B}"
EndProject
Global
	GlobalSection(SolutionConfigurationPlatforms) = preSolution
		Debug|Any CPU = Debug|Any CPU
		Release|Any CPU = Release|Any CPU
	EndGlobalSection
	GlobalSection(ProjectConfigurationPlatforms) = postSolution
		{52CE9F4B-B556-46A2-991F-F9D909EA987B}.Debug|Any CPU.ActiveCfg = Debug|Any CPU
		{52CE9F4B-B556-46A2-991F-F9D909EA987B}.Debug|Any CPU.Build.0 = Debug|Any CPU
		{52CE9F4B-B556-46A2-991F-F9D909EA987B}.Release|Any CPU.ActiveCfg = Release|Any CPU
		{52CE9F4B-B556-46A2-991F-F9D909EA987B}.Release|Any CPU.Build.0 = Release|Any CPU
		{45F27C60-A070-495C-B265-D950D7539769}.Debug|Any CPU.ActiveCfg = Debug|Any CPU
		{45F27C60-A070-495C-B265-D950D7539769}.Debug|Any CPU.Build.0 = Debug|Any CPU
		{45F27C60-A070-495C-B265-D950D7539769}.Release|Any CPU.ActiveCfg = Release|Any CPU
		{45F27C60-A070-495C-B265-D950D7539769}.Release|Any CPU.Build.0 = Release|Any CPU
		{C2702090-B75C-4F4C-9CCA-66B48DDEDF7B}.Debug|Any CPU.ActiveCfg = Debug|Any CPU
		{C2702090-B75C-4F4C-9CCA-66B48DDEDF7B}.Debug|Any CPU.Build.0 = Debug|Any CPU
		{C2702090-B75C-4F4C-9CCA-66B48DDEDF7B}.Release|Any CPU.ActiveCfg = Release|Any CPU
		{C2702090-B75C-4F4C-9CCA-66B48DDEDF7B}.Release|Any CPU.Build.0 = Release|Any CPU
	EndGlobalSection
	GlobalSection(SolutionProperties) = preSolution
		HideSolutionNode = FALSE
	EndGlobalSection
EndGlobal
