
Microsoft Visual Studio Solution File, Format Version 12.00
# Visual Studio 14
VisualStudioVersion = 14.0.25123.0
MinimumVisualStudioVersion = 10.0.40219.1
Project("{FAE04EC0-301F-11D3-BF4B-00C04F79EFBC}") = "01.LeapYear", "01.LeapYear\01.LeapYear.csproj", "{BAF6B3F2-1FAC-460C-AF40-2A86C0B69EDB}"
EndProject
Project("{FAE04EC0-301F-11D3-BF4B-00C04F79EFBC}") = "02.RandomNumbers", "02.RandomNumbers\02.RandomNumbers.csproj", "{432DD93B-AEC3-4AD4-BB40-89E66686BBAF}"
EndProject
Project("{FAE04EC0-301F-11D3-BF4B-00C04F79EFBC}") = "03.DayOfWeek", "03.DayOfWeek\03.DayOfWeek.csproj", "{D0922201-2EE0-424D-B238-80EAC93A67A0}"
EndProject
Project("{FAE04EC0-301F-11D3-BF4B-00C04F79EFBC}") = "04.TriangleSurface", "04.TriangleSurface\04.TriangleSurface.csproj", "{DF592397-CE93-4983-BB79-DED84DE7A58F}"
EndProject
Project("{FAE04EC0-301F-11D3-BF4B-00C04F79EFBC}") = "05.TriangleSurface", "05.TriangleSurface\05.TriangleSurface.csproj", "{BC176950-D3CA-46A5-9ADA-C5850AC18CF5}"
EndProject
Project("{FAE04EC0-301F-11D3-BF4B-00C04F79EFBC}") = "06.TriangleSurface", "06.TriangleSurface\06.TriangleSurface.csproj", "{5FAC56FA-FBEC-4C24-A9C4-8F7AAAA69CCB}"
EndProject
Project("{FAE04EC0-301F-11D3-BF4B-00C04F79EFBC}") = "07.Workdays", "07.Workdays\07.Workdays.csproj", "{1C02227A-A37E-45AC-AA24-73253297ADF3}"
EndProject
Project("{FAE04EC0-301F-11D3-BF4B-00C04F79EFBC}") = "08.SubIntegers", "08.SubIntegers\08.SubIntegers.csproj", "{9D5F62E5-766F-424B-B6FE-6E0C9F9DDF2F}"
EndProject
Global
	GlobalSection(SolutionConfigurationPlatforms) = preSolution
		Debug|Any CPU = Debug|Any CPU
		Release|Any CPU = Release|Any CPU
	EndGlobalSection
	GlobalSection(ProjectConfigurationPlatforms) = postSolution
		{BAF6B3F2-1FAC-460C-AF40-2A86C0B69EDB}.Debug|Any CPU.ActiveCfg = Debug|Any CPU
		{BAF6B3F2-1FAC-460C-AF40-2A86C0B69EDB}.Debug|Any CPU.Build.0 = Debug|Any CPU
		{BAF6B3F2-1FAC-460C-AF40-2A86C0B69EDB}.Release|Any CPU.ActiveCfg = Release|Any CPU
		{BAF6B3F2-1FAC-460C-AF40-2A86C0B69EDB}.Release|Any CPU.Build.0 = Release|Any CPU
		{432DD93B-AEC3-4AD4-BB40-89E66686BBAF}.Debug|Any CPU.ActiveCfg = Debug|Any CPU
		{432DD93B-AEC3-4AD4-BB40-89E66686BBAF}.Debug|Any CPU.Build.0 = Debug|Any CPU
		{432DD93B-AEC3-4AD4-BB40-89E66686BBAF}.Release|Any CPU.ActiveCfg = Release|Any CPU
		{432DD93B-AEC3-4AD4-BB40-89E66686BBAF}.Release|Any CPU.Build.0 = Release|Any CPU
		{D0922201-2EE0-424D-B238-80EAC93A67A0}.Debug|Any CPU.ActiveCfg = Debug|Any CPU
		{D0922201-2EE0-424D-B238-80EAC93A67A0}.Debug|Any CPU.Build.0 = Debug|Any CPU
		{D0922201-2EE0-424D-B238-80EAC93A67A0}.Release|Any CPU.ActiveCfg = Release|Any CPU
		{D0922201-2EE0-424D-B238-80EAC93A67A0}.Release|Any CPU.Build.0 = Release|Any CPU
		{DF592397-CE93-4983-BB79-DED84DE7A58F}.Debug|Any CPU.ActiveCfg = Debug|Any CPU
		{DF592397-CE93-4983-BB79-DED84DE7A58F}.Debug|Any CPU.Build.0 = Debug|Any CPU
		{DF592397-CE93-4983-BB79-DED84DE7A58F}.Release|Any CPU.ActiveCfg = Release|Any CPU
		{DF592397-CE93-4983-BB79-DED84DE7A58F}.Release|Any CPU.Build.0 = Release|Any CPU
		{BC176950-D3CA-46A5-9ADA-C5850AC18CF5}.Debug|Any CPU.ActiveCfg = Debug|Any CPU
		{BC176950-D3CA-46A5-9ADA-C5850AC18CF5}.Debug|Any CPU.Build.0 = Debug|Any CPU
		{BC176950-D3CA-46A5-9ADA-C5850AC18CF5}.Release|Any CPU.ActiveCfg = Release|Any CPU
		{BC176950-D3CA-46A5-9ADA-C5850AC18CF5}.Release|Any CPU.Build.0 = Release|Any CPU
		{5FAC56FA-FBEC-4C24-A9C4-8F7AAAA69CCB}.Debug|Any CPU.ActiveCfg = Debug|Any CPU
		{5FAC56FA-FBEC-4C24-A9C4-8F7AAAA69CCB}.Debug|Any CPU.Build.0 = Debug|Any CPU
		{5FAC56FA-FBEC-4C24-A9C4-8F7AAAA69CCB}.Release|Any CPU.ActiveCfg = Release|Any CPU
		{5FAC56FA-FBEC-4C24-A9C4-8F7AAAA69CCB}.Release|Any CPU.Build.0 = Release|Any CPU
		{1C02227A-A37E-45AC-AA24-73253297ADF3}.Debug|Any CPU.ActiveCfg = Debug|Any CPU
		{1C02227A-A37E-45AC-AA24-73253297ADF3}.Debug|Any CPU.Build.0 = Debug|Any CPU
		{1C02227A-A37E-45AC-AA24-73253297ADF3}.Release|Any CPU.ActiveCfg = Release|Any CPU
		{1C02227A-A37E-45AC-AA24-73253297ADF3}.Release|Any CPU.Build.0 = Release|Any CPU
		{9D5F62E5-766F-424B-B6FE-6E0C9F9DDF2F}.Debug|Any CPU.ActiveCfg = Debug|Any CPU
		{9D5F62E5-766F-424B-B6FE-6E0C9F9DDF2F}.Debug|Any CPU.Build.0 = Debug|Any CPU
		{9D5F62E5-766F-424B-B6FE-6E0C9F9DDF2F}.Release|Any CPU.ActiveCfg = Release|Any CPU
		{9D5F62E5-766F-424B-B6FE-6E0C9F9DDF2F}.Release|Any CPU.Build.0 = Release|Any CPU
	EndGlobalSection
	GlobalSection(SolutionProperties) = preSolution
		HideSolutionNode = FALSE
	EndGlobalSection
EndGlobal
